
Microsoft Visual Studio Solution File, Format Version 12.00
# Visual Studio Version 17
VisualStudioVersion = 17.0.31903.59
MinimumVisualStudioVersion = 10.0.40219.1
Project("{2150E333-8FDC-42A3-9474-1A3956D46DE8}") = "backend", "backend", "{1AE8ACA6-933B-BF2A-3671-3E2EAC007D16}"
EndProject
Project("{FAE04EC0-301F-11D3-BF4B-00C04F79EFBC}") = "Cortex.Clean.Domain", "backend\Cortex.Clean.Domain\Cortex.Clean.Domain.csproj", "{81A382D5-B189-4D59-B5A4-B6FA8A96A506}"
EndProject
Project("{FAE04EC0-301F-11D3-BF4B-00C04F79EFBC}") = "Cortex.Clean.Application", "backend\Cortex.Clean.Application\Cortex.Clean.Application.csproj", "{F5F18F29-EC24-433D-B0EE-D9130576697D}"
EndProject
Project("{FAE04EC0-301F-11D3-BF4B-00C04F79EFBC}") = "Cortex.Clean.Infrastructure", "backend\Cortex.Clean.Infrastructure\Cortex.Clean.Infrastructure.csproj", "{DE9D95D1-18F6-40DD-AF9A-88F8BD4C5931}"
EndProject
Project("{FAE04EC0-301F-11D3-BF4B-00C04F79EFBC}") = "Cortex.Clean.API", "backend\Cortex.Clean.API\Cortex.Clean.API.csproj", "{C6DD84B6-CCCE-4093-A94B-4CCA02D5AEDA}"
EndProject
Project("{FAE04EC0-301F-11D3-BF4B-00C04F79EFBC}") = "Cortex.Clean.Tests", "backend\Cortex.Clean.Tests\Cortex.Clean.Tests.csproj", "{7698DD0F-733D-4B9F-A47B-27FA5B38CFDB}"
EndProject
Global
	GlobalSection(SolutionConfigurationPlatforms) = preSolution
		Debug|Any CPU = Debug|Any CPU
		Debug|x64 = Debug|x64
		Debug|x86 = Debug|x86
		Release|Any CPU = Release|Any CPU
		Release|x64 = Release|x64
		Release|x86 = Release|x86
	EndGlobalSection
	GlobalSection(ProjectConfigurationPlatforms) = postSolution
		{81A382D5-B189-4D59-B5A4-B6FA8A96A506}.Debug|Any CPU.ActiveCfg = Debug|Any CPU
		{81A382D5-B189-4D59-B5A4-B6FA8A96A506}.Debug|Any CPU.Build.0 = Debug|Any CPU
		{81A382D5-B189-4D59-B5A4-B6FA8A96A506}.Debug|x64.ActiveCfg = Debug|Any CPU
		{81A382D5-B189-4D59-B5A4-B6FA8A96A506}.Debug|x64.Build.0 = Debug|Any CPU
		{81A382D5-B189-4D59-B5A4-B6FA8A96A506}.Debug|x86.ActiveCfg = Debug|Any CPU
		{81A382D5-B189-4D59-B5A4-B6FA8A96A506}.Debug|x86.Build.0 = Debug|Any CPU
		{81A382D5-B189-4D59-B5A4-B6FA8A96A506}.Release|Any CPU.ActiveCfg = Release|Any CPU
		{81A382D5-B189-4D59-B5A4-B6FA8A96A506}.Release|Any CPU.Build.0 = Release|Any CPU
		{81A382D5-B189-4D59-B5A4-B6FA8A96A506}.Release|x64.ActiveCfg = Release|Any CPU
		{81A382D5-B189-4D59-B5A4-B6FA8A96A506}.Release|x64.Build.0 = Release|Any CPU
		{81A382D5-B189-4D59-B5A4-B6FA8A96A506}.Release|x86.ActiveCfg = Release|Any CPU
		{81A382D5-B189-4D59-B5A4-B6FA8A96A506}.Release|x86.Build.0 = Release|Any CPU
		{F5F18F29-EC24-433D-B0EE-D9130576697D}.Debug|Any CPU.ActiveCfg = Debug|Any CPU
		{F5F18F29-EC24-433D-B0EE-D9130576697D}.Debug|Any CPU.Build.0 = Debug|Any CPU
		{F5F18F29-EC24-433D-B0EE-D9130576697D}.Debug|x64.ActiveCfg = Debug|Any CPU
		{F5F18F29-EC24-433D-B0EE-D9130576697D}.Debug|x64.Build.0 = Debug|Any CPU
		{F5F18F29-EC24-433D-B0EE-D9130576697D}.Debug|x86.ActiveCfg = Debug|Any CPU
		{F5F18F29-EC24-433D-B0EE-D9130576697D}.Debug|x86.Build.0 = Debug|Any CPU
		{F5F18F29-EC24-433D-B0EE-D9130576697D}.Release|Any CPU.ActiveCfg = Release|Any CPU
		{F5F18F29-EC24-433D-B0EE-D9130576697D}.Release|Any CPU.Build.0 = Release|Any CPU
		{F5F18F29-EC24-433D-B0EE-D9130576697D}.Release|x64.ActiveCfg = Release|Any CPU
		{F5F18F29-EC24-433D-B0EE-D9130576697D}.Release|x64.Build.0 = Release|Any CPU
		{F5F18F29-EC24-433D-B0EE-D9130576697D}.Release|x86.ActiveCfg = Release|Any CPU
		{F5F18F29-EC24-433D-B0EE-D9130576697D}.Release|x86.Build.0 = Release|Any CPU
		{DE9D95D1-18F6-40DD-AF9A-88F8BD4C5931}.Debug|Any CPU.ActiveCfg = Debug|Any CPU
		{DE9D95D1-18F6-40DD-AF9A-88F8BD4C5931}.Debug|Any CPU.Build.0 = Debug|Any CPU
		{DE9D95D1-18F6-40DD-AF9A-88F8BD4C5931}.Debug|x64.ActiveCfg = Debug|Any CPU
		{DE9D95D1-18F6-40DD-AF9A-88F8BD4C5931}.Debug|x64.Build.0 = Debug|Any CPU
		{DE9D95D1-18F6-40DD-AF9A-88F8BD4C5931}.Debug|x86.ActiveCfg = Debug|Any CPU
		{DE9D95D1-18F6-40DD-AF9A-88F8BD4C5931}.Debug|x86.Build.0 = Debug|Any CPU
		{DE9D95D1-18F6-40DD-AF9A-88F8BD4C5931}.Release|Any CPU.ActiveCfg = Release|Any CPU
		{DE9D95D1-18F6-40DD-AF9A-88F8BD4C5931}.Release|Any CPU.Build.0 = Release|Any CPU
		{DE9D95D1-18F6-40DD-AF9A-88F8BD4C5931}.Release|x64.ActiveCfg = Release|Any CPU
		{DE9D95D1-18F6-40DD-AF9A-88F8BD4C5931}.Release|x64.Build.0 = Release|Any CPU
		{DE9D95D1-18F6-40DD-AF9A-88F8BD4C5931}.Release|x86.ActiveCfg = Release|Any CPU
		{DE9D95D1-18F6-40DD-AF9A-88F8BD4C5931}.Release|x86.Build.0 = Release|Any CPU
		{C6DD84B6-CCCE-4093-A94B-4CCA02D5AEDA}.Debug|Any CPU.ActiveCfg = Debug|Any CPU
		{C6DD84B6-CCCE-4093-A94B-4CCA02D5AEDA}.Debug|Any CPU.Build.0 = Debug|Any CPU
		{C6DD84B6-CCCE-4093-A94B-4CCA02D5AEDA}.Debug|x64.ActiveCfg = Debug|Any CPU
		{C6DD84B6-CCCE-4093-A94B-4CCA02D5AEDA}.Debug|x64.Build.0 = Debug|Any CPU
		{C6DD84B6-CCCE-4093-A94B-4CCA02D5AEDA}.Debug|x86.ActiveCfg = Debug|Any CPU
		{C6DD84B6-CCCE-4093-A94B-4CCA02D5AEDA}.Debug|x86.Build.0 = Debug|Any CPU
		{C6DD84B6-CCCE-4093-A94B-4CCA02D5AEDA}.Release|Any CPU.ActiveCfg = Release|Any CPU
		{C6DD84B6-CCCE-4093-A94B-4CCA02D5AEDA}.Release|Any CPU.Build.0 = Release|Any CPU
		{C6DD84B6-CCCE-4093-A94B-4CCA02D5AEDA}.Release|x64.ActiveCfg = Release|Any CPU
		{C6DD84B6-CCCE-4093-A94B-4CCA02D5AEDA}.Release|x64.Build.0 = Release|Any CPU
		{C6DD84B6-CCCE-4093-A94B-4CCA02D5AEDA}.Release|x86.ActiveCfg = Release|Any CPU
		{C6DD84B6-CCCE-4093-A94B-4CCA02D5AEDA}.Release|x86.Build.0 = Release|Any CPU
		{7698DD0F-733D-4B9F-A47B-27FA5B38CFDB}.Debug|Any CPU.ActiveCfg = Debug|Any CPU
		{7698DD0F-733D-4B9F-A47B-27FA5B38CFDB}.Debug|Any CPU.Build.0 = Debug|Any CPU
		{7698DD0F-733D-4B9F-A47B-27FA5B38CFDB}.Debug|x64.ActiveCfg = Debug|Any CPU
		{7698DD0F-733D-4B9F-A47B-27FA5B38CFDB}.Debug|x64.Build.0 = Debug|Any CPU
		{7698DD0F-733D-4B9F-A47B-27FA5B38CFDB}.Debug|x86.ActiveCfg = Debug|Any CPU
		{7698DD0F-733D-4B9F-A47B-27FA5B38CFDB}.Debug|x86.Build.0 = Debug|Any CPU
		{7698DD0F-733D-4B9F-A47B-27FA5B38CFDB}.Release|Any CPU.ActiveCfg = Release|Any CPU
		{7698DD0F-733D-4B9F-A47B-27FA5B38CFDB}.Release|Any CPU.Build.0 = Release|Any CPU
		{7698DD0F-733D-4B9F-A47B-27FA5B38CFDB}.Release|x64.ActiveCfg = Release|Any CPU
		{7698DD0F-733D-4B9F-A47B-27FA5B38CFDB}.Release|x64.Build.0 = Release|Any CPU
		{7698DD0F-733D-4B9F-A47B-27FA5B38CFDB}.Release|x86.ActiveCfg = Release|Any CPU
		{7698DD0F-733D-4B9F-A47B-27FA5B38CFDB}.Release|x86.Build.0 = Release|Any CPU
	EndGlobalSection
	GlobalSection(SolutionProperties) = preSolution
		HideSolutionNode = FALSE
	EndGlobalSection
	GlobalSection(NestedProjects) = preSolution
		{81A382D5-B189-4D59-B5A4-B6FA8A96A506} = {1AE8ACA6-933B-BF2A-3671-3E2EAC007D16}
		{F5F18F29-EC24-433D-B0EE-D9130576697D} = {1AE8ACA6-933B-BF2A-3671-3E2EAC007D16}
		{DE9D95D1-18F6-40DD-AF9A-88F8BD4C5931} = {1AE8ACA6-933B-BF2A-3671-3E2EAC007D16}
		{C6DD84B6-CCCE-4093-A94B-4CCA02D5AEDA} = {1AE8ACA6-933B-BF2A-3671-3E2EAC007D16}
		{7698DD0F-733D-4B9F-A47B-27FA5B38CFDB} = {1AE8ACA6-933B-BF2A-3671-3E2EAC007D16}
	EndGlobalSection
EndGlobal
